<?xml version="1.0" encoding="UTF-8"?>
<CONFIG>
  <ProjectOptions>
    <Version Value="12"/>
    <General>
      <SessionStorage Value="InProjectDir"/>
      <Title Value="testsuzapi"/>
      <Scaled Value="True"/>
      <ResourceType Value="res"/>
      <UseXPManifest Value="True"/>
      <XPManifest>
        <DpiAware Value="True"/>
      </XPManifest>
      <Icon Value="0"/>
    </General>
    <BuildModes>
      <Item Name="Default" Default="True"/>
    </BuildModes>
    <PublishOptions>
      <Version Value="2"/>
      <UseFileFilters Value="True"/>
    </PublishOptions>
    <RunParams>
      <FormatVersion Value="2"/>
    </RunParams>
    <RequiredPackages>
      <Item>
        <PackageName Value="crpt_true_api"/>
      </Item>
      <Item>
        <PackageName Value="ocrs_client"/>
      </Item>
      <Item>
        <PackageName Value="rxnew"/>
      </Item>
      <Item>
        <PackageName Value="LazControls"/>
      </Item>
      <Item>
        <PackageName Value="LCL"/>
      </Item>
    </RequiredPackages>
    <Units>
      <Unit>
        <Filename Value="testsuzapi.lpr"/>
        <IsPartOfProject Value="True"/>
        <UnitName Value="TestSUZApi"/>
      </Unit>
      <Unit>
        <Filename Value="crptsuztestmainunit.pas"/>
        <IsPartOfProject Value="True"/>
        <ComponentName Value="CRPTSuzTestForm"/>
        <HasResources Value="True"/>
        <ResourceBaseClass Value="Form"/>
        <UnitName Value="CRPTSuzTestMainUnit"/>
      </Unit>
      <Unit>
        <Filename Value="frames/frmsuzcmdabstractunit.pas"/>
        <IsPartOfProject Value="True"/>
        <ComponentName Value="frmSUZCmdAbstractFrame"/>
        <HasResources Value="True"/>
        <ResourceBaseClass Value="Frame"/>
        <UnitName Value="frmSUZCmdAbstractUnit"/>
      </Unit>
      <Unit>
        <Filename Value="frames/frmsuzcmdserviceunit.pas"/>
        <IsPartOfProject Value="True"/>
        <ComponentName Value="frmSUZCmdServiceFrame"/>
        <HasResources Value="True"/>
        <ResourceBaseClass Value="Frame"/>
        <UnitName Value="frmSUZCmdServiceUnit"/>
      </Unit>
      <Unit>
        <Filename Value="frames/frmsuzcmdorderunit.pas"/>
        <IsPartOfProject Value="True"/>
        <ComponentName Value="frmSUZCmdOrderFrame"/>
        <HasResources Value="True"/>
        <ResourceBaseClass Value="Frame"/>
        <UnitName Value="frmSUZCmdOrderUnit"/>
      </Unit>
      <Unit>
        <Filename Value="frames/frmsuzcmdserviceproviderslistunit.pas"/>
        <IsPartOfProject Value="True"/>
        <ComponentName Value="frmSUZCmdServiceProvidersListFrame"/>
        <HasResources Value="True"/>
        <ResourceBaseClass Value="Frame"/>
        <UnitName Value="frmSUZCmdServiceProvidersListUnit"/>
      </Unit>
      <Unit>
        <Filename Value="frames/frmsuzcmdorderstatusunit.pas"/>
        <IsPartOfProject Value="True"/>
        <ComponentName Value="frmSUZCmdOrderStatusFrame"/>
        <HasResources Value="True"/>
        <ResourceBaseClass Value="Frame"/>
        <UnitName Value="frmSUZCmdOrderStatusUnit"/>
      </Unit>
      <Unit>
        <Filename Value="frames/frmsuzcmdorderlistunit.pas"/>
        <IsPartOfProject Value="True"/>
        <ComponentName Value="frmSUZCmdOrderListFrame"/>
        <HasResources Value="True"/>
        <ResourceBaseClass Value="Frame"/>
        <UnitName Value="frmSUZCmdOrderListUnit"/>
      </Unit>
      <Unit>
        <Filename Value="frames/frmsuzcmdcodesfromorderunit.pas"/>
        <IsPartOfProject Value="True"/>
        <ComponentName Value="frmSUZCmdCodesFromOrderFrame"/>
        <HasResources Value="True"/>
        <ResourceBaseClass Value="Frame"/>
        <UnitName Value="frmSUZCmdCodesFromOrderUnit"/>
      </Unit>
      <Unit>
        <Filename Value="frames/frmsuzcmdcodesblocksretryunit.pas"/>
        <IsPartOfProject Value="True"/>
        <ComponentName Value="frmSUZCmdCodesBlocksRetryFrame"/>
        <HasResources Value="True"/>
        <ResourceBaseClass Value="Frame"/>
        <UnitName Value="frmSUZCmdCodesBlocksRetryUnit"/>
      </Unit>
      <Unit>
        <Filename Value="frames/frmsuzcmdcodesblocksunit.pas"/>
        <IsPartOfProject Value="True"/>
        <ComponentName Value="frmSUZCmdCodesBlocksFrame"/>
        <HasResources Value="True"/>
        <ResourceBaseClass Value="Frame"/>
        <UnitName Value="frmSUZCmdCodesBlocksUnit"/>
      </Unit>
      <Unit>
        <Filename Value="frames/frmsuzcmdordercloseunit.pas"/>
        <IsPartOfProject Value="True"/>
        <ComponentName Value="frmSUZCmdOrderCloseFrame"/>
        <HasResources Value="True"/>
        <ResourceBaseClass Value="Frame"/>
        <UnitName Value="frmSUZCmdOrderCloseUnit"/>
      </Unit>
      <Unit>
        <Filename Value="frames/frmsuzcmdreceiptdocunit.pas"/>
        <IsPartOfProject Value="True"/>
        <ComponentName Value="frmSUZCmdReceiptDocFrame"/>
        <HasResources Value="True"/>
        <ResourceBaseClass Value="Frame"/>
        <UnitName Value="frmSUZCmdReceiptDocUnit"/>
      </Unit>
      <Unit>
        <Filename Value="frames/frmsuzcmdreceiptsearchunit.pas"/>
        <IsPartOfProject Value="True"/>
        <ComponentName Value="frmSUZCmdReceiptSearchFrame"/>
        <HasResources Value="True"/>
        <ResourceBaseClass Value="Frame"/>
        <UnitName Value="frmSUZCmdReceiptSearchUnit"/>
      </Unit>
      <Unit>
        <Filename Value="frames/frmsuzcmdreceiptgetdocunit.pas"/>
        <IsPartOfProject Value="True"/>
        <ComponentName Value="frmSUZCmdReceiptGetDocFrame"/>
        <HasResources Value="True"/>
        <ResourceBaseClass Value="Frame"/>
        <UnitName Value="frmSUZCmdReceiptGetDocUnit"/>
      </Unit>
      <Unit>
        <Filename Value="frames/frmsuzcmddocumentssearchunit.pas"/>
        <IsPartOfProject Value="True"/>
        <ComponentName Value="frmSUZCmdDocumentsSearchFrame"/>
        <HasResources Value="True"/>
        <ResourceBaseClass Value="Frame"/>
        <UnitName Value="frmSUZCmdDocumentsSearchUnit"/>
      </Unit>
      <Unit>
        <Filename Value="frames/frmsuzcmdqualitysearchunit.pas"/>
        <IsPartOfProject Value="True"/>
        <ComponentName Value="frmSUZCmdQualitySearchFrame"/>
        <HasResources Value="True"/>
        <ResourceBaseClass Value="Frame"/>
        <UnitName Value="frmSUZCmdQualitySearchUnit"/>
      </Unit>
      <Unit>
        <Filename Value="frames/frmsuzcmdqualitycislistunit.pas"/>
        <IsPartOfProject Value="True"/>
        <ComponentName Value="frmSUZCmdQualityCisListFrame"/>
        <HasResources Value="True"/>
        <ResourceBaseClass Value="Frame"/>
        <UnitName Value="frmSUZCmdQualityCisListUnit"/>
      </Unit>
      <Unit>
        <Filename Value="frames/frmsuzcmdorderproductunit.pas"/>
        <IsPartOfProject Value="True"/>
        <ComponentName Value="frmSUZCmdOrderProductFrame"/>
        <HasResources Value="True"/>
        <ResourceBaseClass Value="Frame"/>
        <UnitName Value="frmSUZCmdOrderProductUnit"/>
      </Unit>
      <Unit>
        <Filename Value="frames/frmsuzcmdpingunit.pas"/>
        <IsPartOfProject Value="True"/>
        <ComponentName Value="frmSUZCmdPingFrame"/>
        <HasResources Value="True"/>
        <ResourceBaseClass Value="Frame"/>
        <UnitName Value="frmSUZCmdPingUnit"/>
      </Unit>
    </Units>
  </ProjectOptions>
  <CompilerOptions>
    <Version Value="11"/>
    <Target>
      <Filename Value="testsuzapi"/>
    </Target>
    <SearchPaths>
      <IncludeFiles Value="$(ProjOutDir)"/>
      <OtherUnitFiles Value="frames"/>
      <UnitOutputDirectory Value="lib/$(TargetCPU)-$(TargetOS)"/>
    </SearchPaths>
    <Linking>
      <Debugging>
        <DebugInfoType Value="dsDwarf3"/>
      </Debugging>
      <Options>
        <Win32>
          <GraphicApplication Value="True"/>
        </Win32>
      </Options>
    </Linking>
    <Other>
      <ConfigFile>
        <WriteConfigFilePath Value=""/>
      </ConfigFile>
    </Other>
  </CompilerOptions>
  <Debugging>
    <Exceptions>
      <Item>
        <Name Value="EAbort"/>
      </Item>
      <Item>
        <Name Value="ECodetoolError"/>
      </Item>
      <Item>
        <Name Value="EFOpenError"/>
      </Item>
    </Exceptions>
  </Debugging>
</CONFIG>
